
Microsoft Visual Studio Solution File, Format Version 12.00
# Visual Studio Version 17
VisualStudioVersion = 17.14.36310.24
MinimumVisualStudioVersion = 10.0.40219.1
Project("{FAE04EC0-301F-11D3-BF4B-00C04F79EFBC}") = "DotNetDaterbaser", "DotNetDaterbaser\DotNetDaterbaser.csproj", "{46D3E475-699D-47F3-A4B4-DCE72DEE7546}"
EndProject
Project("{FAE04EC0-301F-11D3-BF4B-00C04F79EFBC}") = "DotNetDaterbaser.TestApplication", "DotNetDaterbaser.TestApplication\DotNetDaterbaser.TestApplication.csproj", "{F6A395BB-C4E0-4EFE-BE12-D38969775B26}"
EndProject
Project("{FAE04EC0-301F-11D3-BF4B-00C04F79EFBC}") = "DotNetDaterbaser.TestPrepApplication", "DotNetDaterbaser.TestPrepApplication\DotNetDaterbaser.TestPrepApplication.csproj", "{93CFE1C4-A6E1-4576-9EEA-6BF0F195F603}"
EndProject
Global
	GlobalSection(SolutionConfigurationPlatforms) = preSolution
		Debug|Any CPU = Debug|Any CPU
		Debug|x64 = Debug|x64
		Debug|x86 = Debug|x86
		Release|Any CPU = Release|Any CPU
		Release|x64 = Release|x64
		Release|x86 = Release|x86
	EndGlobalSection
	GlobalSection(ProjectConfigurationPlatforms) = postSolution
		{46D3E475-699D-47F3-A4B4-DCE72DEE7546}.Debug|Any CPU.ActiveCfg = Debug|Any CPU
		{46D3E475-699D-47F3-A4B4-DCE72DEE7546}.Debug|Any CPU.Build.0 = Debug|Any CPU
		{46D3E475-699D-47F3-A4B4-DCE72DEE7546}.Debug|x64.ActiveCfg = Debug|Any CPU
		{46D3E475-699D-47F3-A4B4-DCE72DEE7546}.Debug|x64.Build.0 = Debug|Any CPU
		{46D3E475-699D-47F3-A4B4-DCE72DEE7546}.Debug|x86.ActiveCfg = Debug|Any CPU
		{46D3E475-699D-47F3-A4B4-DCE72DEE7546}.Debug|x86.Build.0 = Debug|Any CPU
		{46D3E475-699D-47F3-A4B4-DCE72DEE7546}.Release|Any CPU.ActiveCfg = Release|Any CPU
		{46D3E475-699D-47F3-A4B4-DCE72DEE7546}.Release|Any CPU.Build.0 = Release|Any CPU
		{46D3E475-699D-47F3-A4B4-DCE72DEE7546}.Release|x64.ActiveCfg = Release|Any CPU
		{46D3E475-699D-47F3-A4B4-DCE72DEE7546}.Release|x64.Build.0 = Release|Any CPU
		{46D3E475-699D-47F3-A4B4-DCE72DEE7546}.Release|x86.ActiveCfg = Release|Any CPU
		{46D3E475-699D-47F3-A4B4-DCE72DEE7546}.Release|x86.Build.0 = Release|Any CPU
		{F6A395BB-C4E0-4EFE-BE12-D38969775B26}.Debug|Any CPU.ActiveCfg = Debug|Any CPU
		{F6A395BB-C4E0-4EFE-BE12-D38969775B26}.Debug|Any CPU.Build.0 = Debug|Any CPU
		{F6A395BB-C4E0-4EFE-BE12-D38969775B26}.Debug|x64.ActiveCfg = Debug|Any CPU
		{F6A395BB-C4E0-4EFE-BE12-D38969775B26}.Debug|x64.Build.0 = Debug|Any CPU
		{F6A395BB-C4E0-4EFE-BE12-D38969775B26}.Debug|x86.ActiveCfg = Debug|Any CPU
		{F6A395BB-C4E0-4EFE-BE12-D38969775B26}.Debug|x86.Build.0 = Debug|Any CPU
		{F6A395BB-C4E0-4EFE-BE12-D38969775B26}.Release|Any CPU.ActiveCfg = Release|Any CPU
		{F6A395BB-C4E0-4EFE-BE12-D38969775B26}.Release|Any CPU.Build.0 = Release|Any CPU
		{F6A395BB-C4E0-4EFE-BE12-D38969775B26}.Release|x64.ActiveCfg = Release|Any CPU
		{F6A395BB-C4E0-4EFE-BE12-D38969775B26}.Release|x64.Build.0 = Release|Any CPU
		{F6A395BB-C4E0-4EFE-BE12-D38969775B26}.Release|x86.ActiveCfg = Release|Any CPU
		{F6A395BB-C4E0-4EFE-BE12-D38969775B26}.Release|x86.Build.0 = Release|Any CPU
		{93CFE1C4-A6E1-4576-9EEA-6BF0F195F603}.Debug|Any CPU.ActiveCfg = Debug|Any CPU
		{93CFE1C4-A6E1-4576-9EEA-6BF0F195F603}.Debug|Any CPU.Build.0 = Debug|Any CPU
		{93CFE1C4-A6E1-4576-9EEA-6BF0F195F603}.Debug|x64.ActiveCfg = Debug|Any CPU
		{93CFE1C4-A6E1-4576-9EEA-6BF0F195F603}.Debug|x64.Build.0 = Debug|Any CPU
		{93CFE1C4-A6E1-4576-9EEA-6BF0F195F603}.Debug|x86.ActiveCfg = Debug|Any CPU
		{93CFE1C4-A6E1-4576-9EEA-6BF0F195F603}.Debug|x86.Build.0 = Debug|Any CPU
		{93CFE1C4-A6E1-4576-9EEA-6BF0F195F603}.Release|Any CPU.ActiveCfg = Release|Any CPU
		{93CFE1C4-A6E1-4576-9EEA-6BF0F195F603}.Release|Any CPU.Build.0 = Release|Any CPU
		{93CFE1C4-A6E1-4576-9EEA-6BF0F195F603}.Release|x64.ActiveCfg = Release|Any CPU
		{93CFE1C4-A6E1-4576-9EEA-6BF0F195F603}.Release|x64.Build.0 = Release|Any CPU
		{93CFE1C4-A6E1-4576-9EEA-6BF0F195F603}.Release|x86.ActiveCfg = Release|Any CPU
		{93CFE1C4-A6E1-4576-9EEA-6BF0F195F603}.Release|x86.Build.0 = Release|Any CPU
	EndGlobalSection
	GlobalSection(SolutionProperties) = preSolution
		HideSolutionNode = FALSE
	EndGlobalSection
	GlobalSection(ExtensibilityGlobals) = postSolution
		SolutionGuid = {BE09E45B-075D-480C-BDF2-0B0C90C9EAAA}
	EndGlobalSection
EndGlobal
